<Solution>
  <Configurations>
    <BuildType Name="DebugGame" />
    <BuildType Name="DebugGame Editor" />
    <BuildType Name="Development" />
    <BuildType Name="Development Editor" />
    <BuildType Name="Shipping" />
    <Platform Name="Win64" />
    <Platform Name="Win64-arm64" />
    <Platform Name="Win64-arm64ec" />
  </Configurations>
  <Folder Name="/Engine/">
    <Project Path="Intermediate/ProjectFiles/UE5.vcxproj" Id="863cd0eb-8531-3c2f-8e0f-44c36f4921c1">
      <BuildType Project="BuiltWithUnrealBuildTool" />
      <Platform Project="Win64" />
      <Build Project="false" />
    </Project>
  </Folder>
  <Folder Name="/Games/">
    <Project Path="Intermediate/ProjectFiles/ThirdPersonShooter.vcxproj" Id="da4628c5-c8e8-3cd2-ad39-acc49c78d9c6">
      <BuildType Solution="DebugGame Editor|*" Project="DebugGame_Editor" />
      <BuildType Solution="Development Editor|*" Project="Development_Editor" />
      <Platform Solution="*|Win64" Project="x64" />
      <Platform Solution="*|Win64-arm64" Project="arm64" />
      <Platform Solution="*|Win64-arm64ec" Project="arm64ec" />
    </Project>
  </Folder>
  <Folder Name="/Visualizers/">
    <File Path="C:/Program Files/Epic Games/UE_5.8/Engine/Extras/VisualStudioDebugging/Unreal.natjmc" />
    <File Path="C:/Program Files/Epic Games/UE_5.8/Engine/Extras/VisualStudioDebugging/Unreal.natstepfilter" />
    <File Path="C:/Program Files/Epic Games/UE_5.8/Engine/Extras/VisualStudioDebugging/Unreal.natvis" />
  </Folder>
  <Properties Name="ddbf523f-7eb6-4887-bd51-85a714ff87eb">
    <Property Name="AvailablePlatforms" Value="Win64" />
  </Properties>
</Solution>
